
Microsoft Visual Studio Solution File, Format Version 12.00
# Visual Studio Version 17
VisualStudioVersion = 17.12.35707.178
MinimumVisualStudioVersion = 10.0.40219.1
Project("{FAE04EC0-301F-11D3-BF4B-00C04F79EFBC}") = "Bai_16", "Bai_16.csproj", "{43D99780-D352-41B0-9450-F7EF8904E86F}"
EndProject
Project("{FAE04EC0-301F-11D3-BF4B-00C04F79EFBC}") = "Bai_16_vidu_1", "..\Bai_16_vidu_1\Bai_16_vidu_1.csproj", "{F96DEF90-309C-4185-8B23-84D5528AF1C1}"
EndProject
Global
	GlobalSection(SolutionConfigurationPlatforms) = preSolution
		Debug|Any CPU = Debug|Any CPU
		Release|Any CPU = Release|Any CPU
	EndGlobalSection
	GlobalSection(ProjectConfigurationPlatforms) = postSolution
		{43D99780-D352-41B0-9450-F7EF8904E86F}.Debug|Any CPU.ActiveCfg = Debug|Any CPU
		{43D99780-D352-41B0-9450-F7EF8904E86F}.Debug|Any CPU.Build.0 = Debug|Any CPU
		{43D99780-D352-41B0-9450-F7EF8904E86F}.Release|Any CPU.ActiveCfg = Release|Any CPU
		{43D99780-D352-41B0-9450-F7EF8904E86F}.Release|Any CPU.Build.0 = Release|Any CPU
		{F96DEF90-309C-4185-8B23-84D5528AF1C1}.Debug|Any CPU.ActiveCfg = Debug|Any CPU
		{F96DEF90-309C-4185-8B23-84D5528AF1C1}.Debug|Any CPU.Build.0 = Debug|Any CPU
		{F96DEF90-309C-4185-8B23-84D5528AF1C1}.Release|Any CPU.ActiveCfg = Release|Any CPU
		{F96DEF90-309C-4185-8B23-84D5528AF1C1}.Release|Any CPU.Build.0 = Release|Any CPU
	EndGlobalSection
	GlobalSection(SolutionProperties) = preSolution
		HideSolutionNode = FALSE
	EndGlobalSection
EndGlobal
