
Microsoft Visual Studio Solution File, Format Version 12.00
# Visual Studio Version 17
VisualStudioVersion = 17.13.35931.197 d17.13
MinimumVisualStudioVersion = 10.0.40219.1
Project("{FAE04EC0-301F-11D3-BF4B-00C04F79EFBC}") = "Bai_2_Class", "Bai_2_Class.csproj", "{8C6EEF68-BD7E-4C67-917C-241FB7E30F00}"
EndProject
Global
	GlobalSection(SolutionConfigurationPlatforms) = preSolution
		Debug|Any CPU = Debug|Any CPU
		Release|Any CPU = Release|Any CPU
	EndGlobalSection
	GlobalSection(ProjectConfigurationPlatforms) = postSolution
		{8C6EEF68-BD7E-4C67-917C-241FB7E30F00}.Debug|Any CPU.ActiveCfg = Debug|Any CPU
		{8C6EEF68-BD7E-4C67-917C-241FB7E30F00}.Debug|Any CPU.Build.0 = Debug|Any CPU
		{8C6EEF68-BD7E-4C67-917C-241FB7E30F00}.Release|Any CPU.ActiveCfg = Release|Any CPU
		{8C6EEF68-BD7E-4C67-917C-241FB7E30F00}.Release|Any CPU.Build.0 = Release|Any CPU
	EndGlobalSection
	GlobalSection(SolutionProperties) = preSolution
		HideSolutionNode = FALSE
	EndGlobalSection
	GlobalSection(ExtensibilityGlobals) = postSolution
		SolutionGuid = {675F6620-7483-462B-9260-BEB532131A2E}
	EndGlobalSection
EndGlobal
