
Microsoft Visual Studio Solution File, Format Version 12.00
# Visual Studio Version 17
VisualStudioVersion = 17.12.35707.178
MinimumVisualStudioVersion = 10.0.40219.1
Project("{FAE04EC0-301F-11D3-BF4B-00C04F79EFBC}") = "Bai_4", "Bai_4.csproj", "{7B9AF3F7-911A-479D-9DD1-C160E7AE253D}"
EndProject
Project("{FAE04EC0-301F-11D3-BF4B-00C04F79EFBC}") = "Bai_4.2", "..\Bai_4.2\Bai_4.2.csproj", "{A8A4D18B-08DC-4761-8E29-87786345D08D}"
EndProject
Project("{FAE04EC0-301F-11D3-BF4B-00C04F79EFBC}") = "Bai_4.3_vidu", "..\Bai_4.3_vidu\Bai_4.3_vidu.csproj", "{D9C7F5B8-69ED-46D0-A995-2C8EA4DC0FF4}"
EndProject
Global
	GlobalSection(SolutionConfigurationPlatforms) = preSolution
		Debug|Any CPU = Debug|Any CPU
		Release|Any CPU = Release|Any CPU
	EndGlobalSection
	GlobalSection(ProjectConfigurationPlatforms) = postSolution
		{7B9AF3F7-911A-479D-9DD1-C160E7AE253D}.Debug|Any CPU.ActiveCfg = Debug|Any CPU
		{7B9AF3F7-911A-479D-9DD1-C160E7AE253D}.Debug|Any CPU.Build.0 = Debug|Any CPU
		{7B9AF3F7-911A-479D-9DD1-C160E7AE253D}.Release|Any CPU.ActiveCfg = Release|Any CPU
		{7B9AF3F7-911A-479D-9DD1-C160E7AE253D}.Release|Any CPU.Build.0 = Release|Any CPU
		{A8A4D18B-08DC-4761-8E29-87786345D08D}.Debug|Any CPU.ActiveCfg = Debug|Any CPU
		{A8A4D18B-08DC-4761-8E29-87786345D08D}.Debug|Any CPU.Build.0 = Debug|Any CPU
		{A8A4D18B-08DC-4761-8E29-87786345D08D}.Release|Any CPU.ActiveCfg = Release|Any CPU
		{A8A4D18B-08DC-4761-8E29-87786345D08D}.Release|Any CPU.Build.0 = Release|Any CPU
		{D9C7F5B8-69ED-46D0-A995-2C8EA4DC0FF4}.Debug|Any CPU.ActiveCfg = Debug|Any CPU
		{D9C7F5B8-69ED-46D0-A995-2C8EA4DC0FF4}.Debug|Any CPU.Build.0 = Debug|Any CPU
		{D9C7F5B8-69ED-46D0-A995-2C8EA4DC0FF4}.Release|Any CPU.ActiveCfg = Release|Any CPU
		{D9C7F5B8-69ED-46D0-A995-2C8EA4DC0FF4}.Release|Any CPU.Build.0 = Release|Any CPU
	EndGlobalSection
	GlobalSection(SolutionProperties) = preSolution
		HideSolutionNode = FALSE
	EndGlobalSection
EndGlobal
