
Microsoft Visual Studio Solution File, Format Version 12.00
# Visual Studio Version 17
VisualStudioVersion = 17.13.35931.197 d17.13
MinimumVisualStudioVersion = 10.0.40219.1
Project("{FAE04EC0-301F-11D3-BF4B-00C04F79EFBC}") = "Bai_10_Lamda", "Bai_10_Lamda.csproj", "{A6C73C0F-0872-4462-A58A-47C9B17C8422}"
EndProject
Global
	GlobalSection(SolutionConfigurationPlatforms) = preSolution
		Debug|Any CPU = Debug|Any CPU
		Release|Any CPU = Release|Any CPU
	EndGlobalSection
	GlobalSection(ProjectConfigurationPlatforms) = postSolution
		{A6C73C0F-0872-4462-A58A-47C9B17C8422}.Debug|Any CPU.ActiveCfg = Debug|Any CPU
		{A6C73C0F-0872-4462-A58A-47C9B17C8422}.Debug|Any CPU.Build.0 = Debug|Any CPU
		{A6C73C0F-0872-4462-A58A-47C9B17C8422}.Release|Any CPU.ActiveCfg = Release|Any CPU
		{A6C73C0F-0872-4462-A58A-47C9B17C8422}.Release|Any CPU.Build.0 = Release|Any CPU
	EndGlobalSection
	GlobalSection(SolutionProperties) = preSolution
		HideSolutionNode = FALSE
	EndGlobalSection
	GlobalSection(ExtensibilityGlobals) = postSolution
		SolutionGuid = {095DE490-8C25-4F8D-A548-3A3ADE9C8D98}
	EndGlobalSection
EndGlobal
