
Microsoft Visual Studio Solution File, Format Version 12.00
# Visual Studio Version 17
VisualStudioVersion = 17.12.35707.178
MinimumVisualStudioVersion = 10.0.40219.1
Project("{FAE04EC0-301F-11D3-BF4B-00C04F79EFBC}") = "Bai_15.2", "Bai_15.2.csproj", "{98C2D628-2B35-418B-88DC-FEF3C427D491}"
EndProject
Project("{FAE04EC0-301F-11D3-BF4B-00C04F79EFBC}") = "Bai_15.2_vidu_1", "..\Bai_15.2_vidu_1\Bai_15.2_vidu_1.csproj", "{F375012A-5F73-4AE0-805B-E929AF144658}"
EndProject
Project("{FAE04EC0-301F-11D3-BF4B-00C04F79EFBC}") = "Bai_15.2_vidu_2", "..\Bai_15.2_vidu_2\Bai_15.2_vidu_2.csproj", "{16FD9016-5CBE-40AB-BBBD-A9BE646B2B5D}"
EndProject
Project("{FAE04EC0-301F-11D3-BF4B-00C04F79EFBC}") = "Bai_15.2_vidu_3", "..\Bai_15.2_vidu_3\Bai_15.2_vidu_3.csproj", "{B4BCB3E3-BD38-4AD4-8858-761CA0B875DD}"
EndProject
Project("{FAE04EC0-301F-11D3-BF4B-00C04F79EFBC}") = "Bai_15.2_vidu_4", "..\Bai_15.2_vidu_4\Bai_15.2_vidu_4.csproj", "{5FA053E2-A07A-4A87-85A7-96EABF74FB4B}"
EndProject
Project("{FAE04EC0-301F-11D3-BF4B-00C04F79EFBC}") = "Bai_15.2_vidu_5", "..\Bai_15.2_vidu_5\Bai_15.2_vidu_5.csproj", "{EE6FB579-E7A7-4167-8BDD-A9938A2D16DE}"
EndProject
Global
	GlobalSection(SolutionConfigurationPlatforms) = preSolution
		Debug|Any CPU = Debug|Any CPU
		Release|Any CPU = Release|Any CPU
	EndGlobalSection
	GlobalSection(ProjectConfigurationPlatforms) = postSolution
		{98C2D628-2B35-418B-88DC-FEF3C427D491}.Debug|Any CPU.ActiveCfg = Debug|Any CPU
		{98C2D628-2B35-418B-88DC-FEF3C427D491}.Debug|Any CPU.Build.0 = Debug|Any CPU
		{98C2D628-2B35-418B-88DC-FEF3C427D491}.Release|Any CPU.ActiveCfg = Release|Any CPU
		{98C2D628-2B35-418B-88DC-FEF3C427D491}.Release|Any CPU.Build.0 = Release|Any CPU
		{F375012A-5F73-4AE0-805B-E929AF144658}.Debug|Any CPU.ActiveCfg = Debug|Any CPU
		{F375012A-5F73-4AE0-805B-E929AF144658}.Debug|Any CPU.Build.0 = Debug|Any CPU
		{F375012A-5F73-4AE0-805B-E929AF144658}.Release|Any CPU.ActiveCfg = Release|Any CPU
		{F375012A-5F73-4AE0-805B-E929AF144658}.Release|Any CPU.Build.0 = Release|Any CPU
		{16FD9016-5CBE-40AB-BBBD-A9BE646B2B5D}.Debug|Any CPU.ActiveCfg = Debug|Any CPU
		{16FD9016-5CBE-40AB-BBBD-A9BE646B2B5D}.Debug|Any CPU.Build.0 = Debug|Any CPU
		{16FD9016-5CBE-40AB-BBBD-A9BE646B2B5D}.Release|Any CPU.ActiveCfg = Release|Any CPU
		{16FD9016-5CBE-40AB-BBBD-A9BE646B2B5D}.Release|Any CPU.Build.0 = Release|Any CPU
		{B4BCB3E3-BD38-4AD4-8858-761CA0B875DD}.Debug|Any CPU.ActiveCfg = Debug|Any CPU
		{B4BCB3E3-BD38-4AD4-8858-761CA0B875DD}.Debug|Any CPU.Build.0 = Debug|Any CPU
		{B4BCB3E3-BD38-4AD4-8858-761CA0B875DD}.Release|Any CPU.ActiveCfg = Release|Any CPU
		{B4BCB3E3-BD38-4AD4-8858-761CA0B875DD}.Release|Any CPU.Build.0 = Release|Any CPU
		{5FA053E2-A07A-4A87-85A7-96EABF74FB4B}.Debug|Any CPU.ActiveCfg = Debug|Any CPU
		{5FA053E2-A07A-4A87-85A7-96EABF74FB4B}.Debug|Any CPU.Build.0 = Debug|Any CPU
		{5FA053E2-A07A-4A87-85A7-96EABF74FB4B}.Release|Any CPU.ActiveCfg = Release|Any CPU
		{5FA053E2-A07A-4A87-85A7-96EABF74FB4B}.Release|Any CPU.Build.0 = Release|Any CPU
		{EE6FB579-E7A7-4167-8BDD-A9938A2D16DE}.Debug|Any CPU.ActiveCfg = Debug|Any CPU
		{EE6FB579-E7A7-4167-8BDD-A9938A2D16DE}.Debug|Any CPU.Build.0 = Debug|Any CPU
		{EE6FB579-E7A7-4167-8BDD-A9938A2D16DE}.Release|Any CPU.ActiveCfg = Release|Any CPU
		{EE6FB579-E7A7-4167-8BDD-A9938A2D16DE}.Release|Any CPU.Build.0 = Release|Any CPU
	EndGlobalSection
	GlobalSection(SolutionProperties) = preSolution
		HideSolutionNode = FALSE
	EndGlobalSection
EndGlobal
