
Microsoft Visual Studio Solution File, Format Version 12.00
# Visual Studio Version 17
VisualStudioVersion = 17.13.35931.197 d17.13
MinimumVisualStudioVersion = 10.0.40219.1
Project("{FAE04EC0-301F-11D3-BF4B-00C04F79EFBC}") = "Bai_5_Generic", "Bai_5_Generic.csproj", "{9E61AEC1-E5CF-4A33-A201-9BD3F653AA41}"
EndProject
Project("{FAE04EC0-301F-11D3-BF4B-00C04F79EFBC}") = "Example", "..\Example\Example.csproj", "{827EAAC7-DE0D-4C40-8404-3311D9FFD55C}"
EndProject
Global
	GlobalSection(SolutionConfigurationPlatforms) = preSolution
		Debug|Any CPU = Debug|Any CPU
		Release|Any CPU = Release|Any CPU
	EndGlobalSection
	GlobalSection(ProjectConfigurationPlatforms) = postSolution
		{9E61AEC1-E5CF-4A33-A201-9BD3F653AA41}.Debug|Any CPU.ActiveCfg = Debug|Any CPU
		{9E61AEC1-E5CF-4A33-A201-9BD3F653AA41}.Debug|Any CPU.Build.0 = Debug|Any CPU
		{9E61AEC1-E5CF-4A33-A201-9BD3F653AA41}.Release|Any CPU.ActiveCfg = Release|Any CPU
		{9E61AEC1-E5CF-4A33-A201-9BD3F653AA41}.Release|Any CPU.Build.0 = Release|Any CPU
		{827EAAC7-DE0D-4C40-8404-3311D9FFD55C}.Debug|Any CPU.ActiveCfg = Debug|Any CPU
		{827EAAC7-DE0D-4C40-8404-3311D9FFD55C}.Debug|Any CPU.Build.0 = Debug|Any CPU
		{827EAAC7-DE0D-4C40-8404-3311D9FFD55C}.Release|Any CPU.ActiveCfg = Release|Any CPU
		{827EAAC7-DE0D-4C40-8404-3311D9FFD55C}.Release|Any CPU.Build.0 = Release|Any CPU
	EndGlobalSection
	GlobalSection(SolutionProperties) = preSolution
		HideSolutionNode = FALSE
	EndGlobalSection
	GlobalSection(ExtensibilityGlobals) = postSolution
		SolutionGuid = {BDE471FC-9681-4078-B837-48933721DA5D}
	EndGlobalSection
EndGlobal
