
Microsoft Visual Studio Solution File, Format Version 12.00
# Visual Studio Version 17
VisualStudioVersion = 17.13.35931.197 d17.13
MinimumVisualStudioVersion = 10.0.40219.1
Project("{FAE04EC0-301F-11D3-BF4B-00C04F79EFBC}") = "Bai_8_VirtualMethod", "Bai_8_VirtualMethod.csproj", "{A55AF438-EE65-497E-B563-5C38F547E858}"
EndProject
Global
	GlobalSection(SolutionConfigurationPlatforms) = preSolution
		Debug|Any CPU = Debug|Any CPU
		Release|Any CPU = Release|Any CPU
	EndGlobalSection
	GlobalSection(ProjectConfigurationPlatforms) = postSolution
		{A55AF438-EE65-497E-B563-5C38F547E858}.Debug|Any CPU.ActiveCfg = Debug|Any CPU
		{A55AF438-EE65-497E-B563-5C38F547E858}.Debug|Any CPU.Build.0 = Debug|Any CPU
		{A55AF438-EE65-497E-B563-5C38F547E858}.Release|Any CPU.ActiveCfg = Release|Any CPU
		{A55AF438-EE65-497E-B563-5C38F547E858}.Release|Any CPU.Build.0 = Release|Any CPU
	EndGlobalSection
	GlobalSection(SolutionProperties) = preSolution
		HideSolutionNode = FALSE
	EndGlobalSection
	GlobalSection(ExtensibilityGlobals) = postSolution
		SolutionGuid = {44B07AB6-3129-44D1-815A-48A5FB98DE11}
	EndGlobalSection
EndGlobal
